
Microsoft Visual Studio Solution File, Format Version 12.00
# Visual Studio 2013
VisualStudioVersion = 12.0.40629.0
MinimumVisualStudioVersion = 10.0.40219.1
Project("{FAE04EC0-301F-11D3-BF4B-00C04F79EFBC}") = "ControleFinanceiro.Data", "ControleFinanceiro.Data\ControleFinanceiro.Data.csproj", "{EA55CFF8-B221-48C3-8D65-F14EE4D135D3}"
EndProject
Project("{FAE04EC0-301F-11D3-BF4B-00C04F79EFBC}") = "ControleFinanceiro.Dominio", "Controle.Financeiro.Dominio\ControleFinanceiro.Dominio.csproj", "{534CFAD9-B023-44B6-8E4B-E1644457F485}"
EndProject
Project("{FAE04EC0-301F-11D3-BF4B-00C04F79EFBC}") = "ControleFinanceiro.Servico", "ControleFinanceiro.ServicosRest\ControleFinanceiro.Servico.csproj", "{69AD0FE5-F691-4730-A2F3-892B624C6CB4}"
EndProject
Project("{FAE04EC0-301F-11D3-BF4B-00C04F79EFBC}") = "ControleFinanceiro.Start", "ControleFinanceiro.Start\ControleFinanceiro.Start.csproj", "{805ED2CD-8844-4CB9-8200-1F6D7E43116C}"
EndProject
Project("{FAE04EC0-301F-11D3-BF4B-00C04F79EFBC}") = "ControleFinanceiro.Generico", "ControleFinanceiro.Generico\ControleFinanceiro.Generico.csproj", "{5B430B6A-A27C-4707-9E28-CBA1CAF8FB62}"
EndProject
Project("{FAE04EC0-301F-11D3-BF4B-00C04F79EFBC}") = "ControleFinanceiro.Entidade", "ControleFinanceiro.Entidades\ControleFinanceiro.Entidade.csproj", "{01FB0897-845C-44B8-B424-3492B49EBB85}"
EndProject
Project("{FAE04EC0-301F-11D3-BF4B-00C04F79EFBC}") = "ControleFinanceiro.Apresentacao", "ControleFinanceiro.Apresentacao\ControleFinanceiro.Apresentacao.csproj", "{8451034E-D052-4627-A652-A8E87F137850}"
EndProject
Project("{2150E333-8FDC-42A3-9474-1A3956D46DE8}") = "05. Apresentacao", "05. Apresentacao", "{A310B386-0672-4C1C-9BC1-D797EEE68B48}"
EndProject
Project("{2150E333-8FDC-42A3-9474-1A3956D46DE8}") = "01. Generico", "01. Generico", "{A23546D5-7F32-42C5-912D-13EFF22D7664}"
EndProject
Project("{2150E333-8FDC-42A3-9474-1A3956D46DE8}") = "02. Data", "02. Data", "{A8B90065-333C-43F3-98D1-F9CB8CE2322F}"
EndProject
Project("{2150E333-8FDC-42A3-9474-1A3956D46DE8}") = "03. Dominio", "03. Dominio", "{8B483AE8-B936-4E7A-9FEC-5FB4D46AF4BA}"
EndProject
Project("{2150E333-8FDC-42A3-9474-1A3956D46DE8}") = "00. Entidades", "00. Entidades", "{EB534C49-1872-43D6-B9B1-BBE13DCA609C}"
EndProject
Project("{2150E333-8FDC-42A3-9474-1A3956D46DE8}") = "04. Servicos", "04. Servicos", "{F45F0E43-E508-4775-84A8-0B583F4D16AF}"
EndProject
Project("{2150E333-8FDC-42A3-9474-1A3956D46DE8}") = "06. Testes", "06. Testes", "{B5704783-AD18-423F-85D9-E514ABFB10C6}"
EndProject
Global
	GlobalSection(SolutionConfigurationPlatforms) = preSolution
		Debug|Any CPU = Debug|Any CPU
		Release|Any CPU = Release|Any CPU
	EndGlobalSection
	GlobalSection(ProjectConfigurationPlatforms) = postSolution
		{EA55CFF8-B221-48C3-8D65-F14EE4D135D3}.Debug|Any CPU.ActiveCfg = Debug|Any CPU
		{EA55CFF8-B221-48C3-8D65-F14EE4D135D3}.Debug|Any CPU.Build.0 = Debug|Any CPU
		{EA55CFF8-B221-48C3-8D65-F14EE4D135D3}.Release|Any CPU.ActiveCfg = Release|Any CPU
		{EA55CFF8-B221-48C3-8D65-F14EE4D135D3}.Release|Any CPU.Build.0 = Release|Any CPU
		{534CFAD9-B023-44B6-8E4B-E1644457F485}.Debug|Any CPU.ActiveCfg = Debug|Any CPU
		{534CFAD9-B023-44B6-8E4B-E1644457F485}.Debug|Any CPU.Build.0 = Debug|Any CPU
		{534CFAD9-B023-44B6-8E4B-E1644457F485}.Release|Any CPU.ActiveCfg = Release|Any CPU
		{534CFAD9-B023-44B6-8E4B-E1644457F485}.Release|Any CPU.Build.0 = Release|Any CPU
		{69AD0FE5-F691-4730-A2F3-892B624C6CB4}.Debug|Any CPU.ActiveCfg = Debug|Any CPU
		{69AD0FE5-F691-4730-A2F3-892B624C6CB4}.Debug|Any CPU.Build.0 = Debug|Any CPU
		{69AD0FE5-F691-4730-A2F3-892B624C6CB4}.Release|Any CPU.ActiveCfg = Release|Any CPU
		{69AD0FE5-F691-4730-A2F3-892B624C6CB4}.Release|Any CPU.Build.0 = Release|Any CPU
		{805ED2CD-8844-4CB9-8200-1F6D7E43116C}.Debug|Any CPU.ActiveCfg = Debug|Any CPU
		{805ED2CD-8844-4CB9-8200-1F6D7E43116C}.Debug|Any CPU.Build.0 = Debug|Any CPU
		{805ED2CD-8844-4CB9-8200-1F6D7E43116C}.Release|Any CPU.ActiveCfg = Release|Any CPU
		{805ED2CD-8844-4CB9-8200-1F6D7E43116C}.Release|Any CPU.Build.0 = Release|Any CPU
		{5B430B6A-A27C-4707-9E28-CBA1CAF8FB62}.Debug|Any CPU.ActiveCfg = Debug|Any CPU
		{5B430B6A-A27C-4707-9E28-CBA1CAF8FB62}.Debug|Any CPU.Build.0 = Debug|Any CPU
		{5B430B6A-A27C-4707-9E28-CBA1CAF8FB62}.Release|Any CPU.ActiveCfg = Release|Any CPU
		{5B430B6A-A27C-4707-9E28-CBA1CAF8FB62}.Release|Any CPU.Build.0 = Release|Any CPU
		{01FB0897-845C-44B8-B424-3492B49EBB85}.Debug|Any CPU.ActiveCfg = Debug|Any CPU
		{01FB0897-845C-44B8-B424-3492B49EBB85}.Debug|Any CPU.Build.0 = Debug|Any CPU
		{01FB0897-845C-44B8-B424-3492B49EBB85}.Release|Any CPU.ActiveCfg = Release|Any CPU
		{01FB0897-845C-44B8-B424-3492B49EBB85}.Release|Any CPU.Build.0 = Release|Any CPU
		{8451034E-D052-4627-A652-A8E87F137850}.Debug|Any CPU.ActiveCfg = Debug|Any CPU
		{8451034E-D052-4627-A652-A8E87F137850}.Debug|Any CPU.Build.0 = Debug|Any CPU
		{8451034E-D052-4627-A652-A8E87F137850}.Release|Any CPU.ActiveCfg = Release|Any CPU
		{8451034E-D052-4627-A652-A8E87F137850}.Release|Any CPU.Build.0 = Release|Any CPU
	EndGlobalSection
	GlobalSection(SolutionProperties) = preSolution
		HideSolutionNode = FALSE
	EndGlobalSection
	GlobalSection(NestedProjects) = preSolution
		{EA55CFF8-B221-48C3-8D65-F14EE4D135D3} = {A8B90065-333C-43F3-98D1-F9CB8CE2322F}
		{534CFAD9-B023-44B6-8E4B-E1644457F485} = {8B483AE8-B936-4E7A-9FEC-5FB4D46AF4BA}
		{69AD0FE5-F691-4730-A2F3-892B624C6CB4} = {F45F0E43-E508-4775-84A8-0B583F4D16AF}
		{805ED2CD-8844-4CB9-8200-1F6D7E43116C} = {B5704783-AD18-423F-85D9-E514ABFB10C6}
		{5B430B6A-A27C-4707-9E28-CBA1CAF8FB62} = {A23546D5-7F32-42C5-912D-13EFF22D7664}
		{01FB0897-845C-44B8-B424-3492B49EBB85} = {EB534C49-1872-43D6-B9B1-BBE13DCA609C}
		{8451034E-D052-4627-A652-A8E87F137850} = {A310B386-0672-4C1C-9BC1-D797EEE68B48}
	EndGlobalSection
EndGlobal
